
Microsoft Visual Studio Solution File, Format Version 12.00
# Visual Studio Version 17
VisualStudioVersion = 17.4.33213.308
MinimumVisualStudioVersion = 10.0.40219.1
Project("{9A19103F-16F7-4668-BE54-9A1E7A4F7556}") = "Desktop Client", "Desktop Client\Desktop Client.csproj", "{836709F0-356C-494A-B381-81CD2CC6422F}"
EndProject
Project("{9A19103F-16F7-4668-BE54-9A1E7A4F7556}") = "Host", "Host\Host.csproj", "{5FA55310-29BE-4335-96AE-A35AFBBE3288}"
EndProject
Project("{9A19103F-16F7-4668-BE54-9A1E7A4F7556}") = "Models", "Models\Models.csproj", "{11E1A4AF-9C97-4459-B09B-FCB115528526}"
EndProject
Global
	GlobalSection(SolutionConfigurationPlatforms) = preSolution
		Debug|Any CPU = Debug|Any CPU
		Release|Any CPU = Release|Any CPU
	EndGlobalSection
	GlobalSection(ProjectConfigurationPlatforms) = postSolution
		{836709F0-356C-494A-B381-81CD2CC6422F}.Debug|Any CPU.ActiveCfg = Debug|Any CPU
		{836709F0-356C-494A-B381-81CD2CC6422F}.Debug|Any CPU.Build.0 = Debug|Any CPU
		{836709F0-356C-494A-B381-81CD2CC6422F}.Release|Any CPU.ActiveCfg = Release|Any CPU
		{836709F0-356C-494A-B381-81CD2CC6422F}.Release|Any CPU.Build.0 = Release|Any CPU
		{5FA55310-29BE-4335-96AE-A35AFBBE3288}.Debug|Any CPU.ActiveCfg = Debug|Any CPU
		{5FA55310-29BE-4335-96AE-A35AFBBE3288}.Debug|Any CPU.Build.0 = Debug|Any CPU
		{5FA55310-29BE-4335-96AE-A35AFBBE3288}.Release|Any CPU.ActiveCfg = Release|Any CPU
		{5FA55310-29BE-4335-96AE-A35AFBBE3288}.Release|Any CPU.Build.0 = Release|Any CPU
		{11E1A4AF-9C97-4459-B09B-FCB115528526}.Debug|Any CPU.ActiveCfg = Debug|Any CPU
		{11E1A4AF-9C97-4459-B09B-FCB115528526}.Debug|Any CPU.Build.0 = Debug|Any CPU
		{11E1A4AF-9C97-4459-B09B-FCB115528526}.Release|Any CPU.ActiveCfg = Release|Any CPU
		{11E1A4AF-9C97-4459-B09B-FCB115528526}.Release|Any CPU.Build.0 = Release|Any CPU
	EndGlobalSection
	GlobalSection(SolutionProperties) = preSolution
		HideSolutionNode = FALSE
	EndGlobalSection
	GlobalSection(ExtensibilityGlobals) = postSolution
		SolutionGuid = {2B7D104D-6A3C-409B-A0FE-D825A3C3B2A5}
	EndGlobalSection
EndGlobal
